
Microsoft Visual Studio Solution File, Format Version 12.00
# Visual Studio 15
VisualStudioVersion = 15.0.28307.779
MinimumVisualStudioVersion = 10.0.40219.1
Project("{FAE04EC0-301F-11D3-BF4B-00C04F79EFBC}") = "PaypalExample", "PaypalExample\PaypalExample.csproj", "{AC34510D-B747-46D7-A02F-2EE0DF56A7BE}"
EndProject
Project("{FAE04EC0-301F-11D3-BF4B-00C04F79EFBC}") = "PaypalEngine", "PaypalEngine\PaypalEngine.csproj", "{78BB3F66-502E-41A1-A0EA-2D001B247A26}"
EndProject
Global
	GlobalSection(SolutionConfigurationPlatforms) = preSolution
		Debug|Any CPU = Debug|Any CPU
		Release|Any CPU = Release|Any CPU
	EndGlobalSection
	GlobalSection(ProjectConfigurationPlatforms) = postSolution
		{AC34510D-B747-46D7-A02F-2EE0DF56A7BE}.Debug|Any CPU.ActiveCfg = Debug|Any CPU
		{AC34510D-B747-46D7-A02F-2EE0DF56A7BE}.Debug|Any CPU.Build.0 = Debug|Any CPU
		{AC34510D-B747-46D7-A02F-2EE0DF56A7BE}.Release|Any CPU.ActiveCfg = Release|Any CPU
		{AC34510D-B747-46D7-A02F-2EE0DF56A7BE}.Release|Any CPU.Build.0 = Release|Any CPU
		{78BB3F66-502E-41A1-A0EA-2D001B247A26}.Debug|Any CPU.ActiveCfg = Debug|Any CPU
		{78BB3F66-502E-41A1-A0EA-2D001B247A26}.Debug|Any CPU.Build.0 = Debug|Any CPU
		{78BB3F66-502E-41A1-A0EA-2D001B247A26}.Release|Any CPU.ActiveCfg = Release|Any CPU
		{78BB3F66-502E-41A1-A0EA-2D001B247A26}.Release|Any CPU.Build.0 = Release|Any CPU
	EndGlobalSection
	GlobalSection(SolutionProperties) = preSolution
		HideSolutionNode = FALSE
	EndGlobalSection
	GlobalSection(ExtensibilityGlobals) = postSolution
		SolutionGuid = {2466853A-3D07-42B2-8FC7-E8D1535E843C}
	EndGlobalSection
EndGlobal
